
Microsoft Visual Studio Solution File, Format Version 12.00
# Visual Studio Version 17
VisualStudioVersion = 17.5.33530.505
MinimumVisualStudioVersion = 10.0.40219.1
Project("{FAE04EC0-301F-11D3-BF4B-00C04F79EFBC}") = "bykov", "bykov.csproj", "{577688BF-EE96-468E-AE27-B5CD41D8FE25}"
EndProject
Global
	GlobalSection(SolutionConfigurationPlatforms) = preSolution
		Debug|Any CPU = Debug|Any CPU
		Release|Any CPU = Release|Any CPU
	EndGlobalSection
	GlobalSection(ProjectConfigurationPlatforms) = postSolution
		{577688BF-EE96-468E-AE27-B5CD41D8FE25}.Debug|Any CPU.ActiveCfg = Debug|Any CPU
		{577688BF-EE96-468E-AE27-B5CD41D8FE25}.Debug|Any CPU.Build.0 = Debug|Any CPU
		{577688BF-EE96-468E-AE27-B5CD41D8FE25}.Release|Any CPU.ActiveCfg = Release|Any CPU
		{577688BF-EE96-468E-AE27-B5CD41D8FE25}.Release|Any CPU.Build.0 = Release|Any CPU
	EndGlobalSection
	GlobalSection(SolutionProperties) = preSolution
		HideSolutionNode = FALSE
	EndGlobalSection
	GlobalSection(ExtensibilityGlobals) = postSolution
		SolutionGuid = {DBEE6253-9B20-4E7F-B4C1-E14A20E5EF8B}
	EndGlobalSection
EndGlobal
